
Microsoft Visual Studio Solution File, Format Version 12.00
# Visual Studio Version 17
VisualStudioVersion = 17.11.35222.181
MinimumVisualStudioVersion = 10.0.40219.1
Project("{FAE04EC0-301F-11D3-BF4B-00C04F79EFBC}") = "KotBot", "KotBot\KotBot.csproj", "{E1FB8E7D-24FB-46F9-9068-63CA3578470F}"
EndProject
Global
	GlobalSection(SolutionConfigurationPlatforms) = preSolution
		Debug|Any CPU = Debug|Any CPU
		Release|Any CPU = Release|Any CPU
	EndGlobalSection
	GlobalSection(ProjectConfigurationPlatforms) = postSolution
		{E1FB8E7D-24FB-46F9-9068-63CA3578470F}.Debug|Any CPU.ActiveCfg = Debug|Any CPU
		{E1FB8E7D-24FB-46F9-9068-63CA3578470F}.Debug|Any CPU.Build.0 = Debug|Any CPU
		{E1FB8E7D-24FB-46F9-9068-63CA3578470F}.Release|Any CPU.ActiveCfg = Release|Any CPU
		{E1FB8E7D-24FB-46F9-9068-63CA3578470F}.Release|Any CPU.Build.0 = Release|Any CPU
	EndGlobalSection
	GlobalSection(SolutionProperties) = preSolution
		HideSolutionNode = FALSE
	EndGlobalSection
	GlobalSection(ExtensibilityGlobals) = postSolution
		SolutionGuid = {949D3921-517E-4D40-AB35-850CFDAEA9EA}
	EndGlobalSection
EndGlobal
